
Microsoft Visual Studio Solution File, Format Version 12.00
# Visual Studio Version 16
VisualStudioVersion = 25.0.1705.6
MinimumVisualStudioVersion = 10.0.40219.1
Project("{FAE04EC0-301F-11D3-BF4B-00C04F79EFBC}") = "AutomationAssignment", "AutomationAssignment.csproj", "{8D907181-26A9-469F-B7A9-9F812831A471}"
EndProject
Global
	GlobalSection(SolutionConfigurationPlatforms) = preSolution
		Debug|Any CPU = Debug|Any CPU
		Release|Any CPU = Release|Any CPU
	EndGlobalSection
	GlobalSection(ProjectConfigurationPlatforms) = postSolution
		{8D907181-26A9-469F-B7A9-9F812831A471}.Debug|Any CPU.ActiveCfg = Debug|Any CPU
		{8D907181-26A9-469F-B7A9-9F812831A471}.Debug|Any CPU.Build.0 = Debug|Any CPU
		{8D907181-26A9-469F-B7A9-9F812831A471}.Release|Any CPU.ActiveCfg = Release|Any CPU
		{8D907181-26A9-469F-B7A9-9F812831A471}.Release|Any CPU.Build.0 = Release|Any CPU
	EndGlobalSection
	GlobalSection(SolutionProperties) = preSolution
		HideSolutionNode = FALSE
	EndGlobalSection
	GlobalSection(ExtensibilityGlobals) = postSolution
		SolutionGuid = {24380778-D9BC-42C3-ACFD-CFB28D2C2808}
	EndGlobalSection
EndGlobal
